// !$*UTF8*$!
{
	archiveVersion = 1;
	classes = {
	};
	objectVersion = 48;
	objects = {

/* Begin PBXBuildFile section */
		CD566AAC203297D40096A9EA /* AppDelegate.swift in Sources */ = {isa = PBXBuildFile; fileRef = CD566AAB203297D40096A9EA /* AppDelegate.swift */; };
		CD566AAE203297D40096A9EA /* ViewController.swift in Sources */ = {isa = PBXBuildFile; fileRef = CD566AAD203297D40096A9EA /* ViewController.swift */; };
		CD566AB1203297D40096A9EA /* Main.storyboard in Resources */ = {isa = PBXBuildFile; fileRef = CD566AAF203297D40096A9EA /* Main.storyboard */; };
		CD566AB3203297D40096A9EA /* Assets.xcassets in Resources */ = {isa = PBXBuildFile; fileRef = CD566AB2203297D40096A9EA /* Assets.xcassets */; };
		CD566AB6203297D40096A9EA /* LaunchScreen.storyboard in Resources */ = {isa = PBXBuildFile; fileRef = CD566AB4203297D40096A9EA /* LaunchScreen.storyboard */; };
		CD566AC1203297D50096A9EA /* DYZBTests.swift in Sources */ = {isa = PBXBuildFile; fileRef = CD566AC0203297D50096A9EA /* DYZBTests.swift */; };
		CD566ACC203297D50096A9EA /* DYZBUITests.swift in Sources */ = {isa = PBXBuildFile; fileRef = CD566ACB203297D50096A9EA /* DYZBUITests.swift */; };
/* End PBXBuildFile section */

/* Begin PBXContainerItemProxy section */
		CD566ABD203297D40096A9EA /* PBXContainerItemProxy */ = {
			isa = PBXContainerItemProxy;
			containerPortal = CD566AA0203297D40096A9EA /* Project object */;
			proxyType = 1;
			remoteGlobalIDString = CD566AA7203297D40096A9EA;
			remoteInfo = DYZB;
		};
		CD566AC8203297D50096A9EA /* PBXContainerItemProxy */ = {
			isa = PBXContainerItemProxy;
			containerPortal = CD566AA0203297D40096A9EA /* Project object */;
			proxyType = 1;
			remoteGlobalIDString = CD566AA7203297D40096A9EA;
			remoteInfo = DYZB;
		};
/* End PBXContainerItemProxy section */

/* Begin PBXFileReference section */
		CD566AA8203297D40096A9EA /* DYZB.app */ = {isa = PBXFileReference; explicitFileType = wrapper.application; includeInIndex = 0; path = DYZB.app; sourceTree = BUILT_PRODUCTS_DIR; };
		CD566AAB203297D40096A9EA /* AppDelegate.swift */ = {isa = PBXFileReference; lastKnownFileType = sourcecode.swift; path = AppDelegate.swift; sourceTree = "<group>"; };
		CD566AAD203297D40096A9EA /* ViewController.swift */ = {isa = PBXFileReference; lastKnownFileType = sourcecode.swift; path = ViewController.swift; sourceTree = "<group>"; };
		CD566AB0203297D40096A9EA /* Base */ = {isa = PBXFileReference; lastKnownFileType = file.storyboard; name = Base; path = Base.lproj/Main.storyboard; sourceTree = "<group>"; };
		CD566AB2203297D40096A9EA /* Assets.xcassets */ = {isa = PBXFileReference; lastKnownFileType = folder.assetcatalog; path = Assets.xcassets; sourceTree = "<group>"; };
		CD566AB5203297D40096A9EA /* Base */ = {isa = PBXFileReference; lastKnownFileType = file.storyboard; name = Base; path = Base.lproj/LaunchScreen.storyboard; sourceTree = "<group>"; };
		CD566AB7203297D40096A9EA /* Info.plist */ = {isa = PBXFileReference; lastKnownFileType = text.plist.xml; path = Info.plist; sourceTree = "<group>"; };
		CD566ABC203297D40096A9EA /* DYZBTests.xctest */ = {isa = PBXFileReference; explicitFileType = wrapper.cfbundle; includeInIndex = 0; path = DYZBTests.xctest; sourceTree = BUILT_PRODUCTS_DIR; };
		CD566AC0203297D50096A9EA /* DYZBTests.swift */ = {isa = PBXFileReference; lastKnownFileType = sourcecode.swift; path = DYZBTests.swift; sourceTree = "<group>"; };
		CD566AC2203297D50096A9EA /* Info.plist */ = {isa = PBXFileReference; lastKnownFileType = text.plist.xml; path = Info.plist; sourceTree = "<group>"; };
		CD566AC7203297D50096A9EA /* DYZBUITests.xctest */ = {isa = PBXFileReference; explicitFileType = wrapper.cfbundle; includeInIndex = 0; path = DYZBUITests.xctest; sourceTree = BUILT_PRODUCTS_DIR; };
		CD566ACB203297D50096A9EA /* DYZBUITests.swift */ = {isa = PBXFileReference; lastKnownFileType = sourcecode.swift; path = DYZBUITests.swift; sourceTree = "<group>"; };
		CD566ACD203297D50096A9EA /* Info.plist */ = {isa = PBXFileReference; lastKnownFileType = text.plist.xml; path = Info.plist; sourceTree = "<group>"; };
/* End PBXFileReference section */

/* Begin PBXFrameworksBuildPhase section */
		CD566AA5203297D40096A9EA /* Frameworks */ = {
			isa = PBXFrameworksBuildPhase;
			buildActionMask = 2147483647;
			files = (
			);
			runOnlyForDeploymentPostprocessing = 0;
		};
		CD566AB9203297D40096A9EA /* Frameworks */ = {
			isa = PBXFrameworksBuildPhase;
			buildActionMask = 2147483647;
			files = (
			);
			runOnlyForDeploymentPostprocessing = 0;
		};
		CD566AC4203297D50096A9EA /* Frameworks */ = {
			isa = PBXFrameworksBuildPhase;
			buildActionMask = 2147483647;
			files = (
			);
			runOnlyForDeploymentPostprocessing = 0;
		};
/* End PBXFrameworksBuildPhase section */

/* Begin PBXGroup section */
		CD566A9F203297D40096A9EA = {
			isa = PBXGroup;
			children = (
				CD566AAA203297D40096A9EA /* DYZB */,
				CD566ABF203297D50096A9EA /* DYZBTests */,
				CD566ACA203297D50096A9EA /* DYZBUITests */,
				CD566AA9203297D40096A9EA /* Products */,
			);
			sourceTree = "<group>";
		};
		CD566AA9203297D40096A9EA /* Products */ = {
			isa = PBXGroup;
			children = (
				CD566AA8203297D40096A9EA /* DYZB.app */,
				CD566ABC203297D40096A9EA /* DYZBTests.xctest */,
				CD566AC7203297D50096A9EA /* DYZBUITests.xctest */,
			);
			name = Products;
			sourceTree = "<group>";
		};
		CD566AAA203297D40096A9EA /* DYZB */ = {
			isa = PBXGroup;
			children = (
				CD566AAB203297D40096A9EA /* AppDelegate.swift */,
				CD566AAD203297D40096A9EA /* ViewController.swift */,
				CD566AAF203297D40096A9EA /* Main.storyboard */,
				CD566AB2203297D40096A9EA /* Assets.xcassets */,
				CD566AB4203297D40096A9EA /* LaunchScreen.storyboard */,
				CD566AB7203297D40096A9EA /* Info.plist */,
			);
			path = DYZB;
			sourceTree = "<group>";
		};
		CD566ABF203297D50096A9EA /* DYZBTests */ = {
			isa = PBXGroup;
			children = (
				CD566AC0203297D50096A9EA /* DYZBTests.swift */,
				CD566AC2203297D50096A9EA /* Info.plist */,
			);
			path = DYZBTests;
			sourceTree = "<group>";
		};
		CD566ACA203297D50096A9EA /* DYZBUITests */ = {
			isa = PBXGroup;
			children = (
				CD566ACB203297D50096A9EA /* DYZBUITests.swift */,
				CD566ACD203297D50096A9EA /* Info.plist */,
			);
			path = DYZBUITests;
			sourceTree = "<group>";
		};
/* End PBXGroup section */

/* Begin PBXNativeTarget section */
		CD566AA7203297D40096A9EA /* DYZB */ = {
			isa = PBXNativeTarget;
			buildConfigurationList = CD566AD0203297D50096A9EA /* Build configuration list for PBXNativeTarget "DYZB" */;
			buildPhases = (
				CD566AA4203297D40096A9EA /* Sources */,
				CD566AA5203297D40096A9EA /* Frameworks */,
				CD566AA6203297D40096A9EA /* Resources */,
			);
			buildRules = (
			);
			dependencies = (
			);
			name = DYZB;
			productName = DYZB;
			productReference = CD566AA8203297D40096A9EA /* DYZB.app */;
			productType = "com.apple.product-type.application";
		};
		CD566ABB203297D40096A9EA /* DYZBTests */ = {
			isa = PBXNativeTarget;
			buildConfigurationList = CD566AD3203297D50096A9EA /* Build configuration list for PBXNativeTarget "DYZBTests" */;
			buildPhases = (
				CD566AB8203297D40096A9EA /* Sources */,
				CD566AB9203297D40096A9EA /* Frameworks */,
				CD566ABA203297D40096A9EA /* Resources */,
			);
			buildRules = (
			);
			dependencies = (
				CD566ABE203297D40096A9EA /* PBXTargetDependency */,
			);
			name = DYZBTests;
			productName = DYZBTests;
			productReference = CD566ABC203297D40096A9EA /* DYZBTests.xctest */;
			productType = "com.apple.product-type.bundle.unit-test";
		};
		CD566AC6203297D50096A9EA /* DYZBUITests */ = {
			isa = PBXNativeTarget;
			buildConfigurationList = CD566AD6203297D50096A9EA /* Build configuration list for PBXNativeTarget "DYZBUITests" */;
			buildPhases = (
				CD566AC3203297D50096A9EA /* Sources */,
				CD566AC4203297D50096A9EA /* Frameworks */,
				CD566AC5203297D50096A9EA /* Resources */,
			);
			buildRules = (
			);
			dependencies = (
				CD566AC9203297D50096A9EA /* PBXTargetDependency */,
			);
			name = DYZBUITests;
			productName = DYZBUITests;
			productReference = CD566AC7203297D50096A9EA /* DYZBUITests.xctest */;
			productType = "com.apple.product-type.bundle.ui-testing";
		};
/* End PBXNativeTarget section */

/* Begin PBXProject section */
		CD566AA0203297D40096A9EA /* Project object */ = {
			isa = PBXProject;
			attributes = {
				LastSwiftUpdateCheck = 0920;
				LastUpgradeCheck = 0920;
				ORGANIZATIONNAME = lxj;
				TargetAttributes = {
					CD566AA7203297D40096A9EA = {
						CreatedOnToolsVersion = 9.2;
						ProvisioningStyle = Automatic;
					};
					CD566ABB203297D40096A9EA = {
						CreatedOnToolsVersion = 9.2;
						ProvisioningStyle = Automatic;
						TestTargetID = CD566AA7203297D40096A9EA;
					};
					CD566AC6203297D50096A9EA = {
						CreatedOnToolsVersion = 9.2;
						ProvisioningStyle = Automatic;
						TestTargetID = CD566AA7203297D40096A9EA;
					};
				};
			};
			buildConfigurationList = CD566AA3203297D40096A9EA /* Build configuration list for PBXProject "DYZB" */;
			compatibilityVersion = "Xcode 8.0";
			developmentRegion = en;
			hasScannedForEncodings = 0;
			knownRegions = (
				en,
				Base,
			);
			mainGroup = CD566A9F203297D40096A9EA;
			productRefGroup = CD566AA9203297D40096A9EA /* Products */;
			projectDirPath = "";
			projectRoot = "";
			targets = (
				CD566AA7203297D40096A9EA /* DYZB */,
				CD566ABB203297D40096A9EA /* DYZBTests */,
				CD566AC6203297D50096A9EA /* DYZBUITests */,
			);
		};
/* End PBXProject section */

/* Begin PBXResourcesBuildPhase section */
		CD566AA6203297D40096A9EA /* Resources */ = {
			isa = PBXResourcesBuildPhase;
			buildActionMask = 2147483647;
			files = (
				CD566AB6203297D40096A9EA /* LaunchScreen.storyboard in Resources */,
				CD566AB3203297D40096A9EA /* Assets.xcassets in Resources */,
				CD566AB1203297D40096A9EA /* Main.storyboard in Resources */,
			);
			runOnlyForDeploymentPostprocessing = 0;
		};
		CD566ABA203297D40096A9EA /* Resources */ = {
			isa = PBXResourcesBuildPhase;
			buildActionMask = 2147483647;
			files = (
			);
			runOnlyForDeploymentPostprocessing = 0;
		};
		CD566AC5203297D50096A9EA /* Resources */ = {
			isa = PBXResourcesBuildPhase;
			buildActionMask = 2147483647;
			files = (
			);
			runOnlyForDeploymentPostprocessing = 0;
		};
/* End PBXResourcesBuildPhase section */

/* Begin PBXSourcesBuildPhase section */
		CD566AA4203297D40096A9EA /* Sources */ = {
			isa = PBXSourcesBuildPhase;
			buildActionMask = 2147483647;
			files = (
				CD566AAE203297D40096A9EA /* ViewController.swift in Sources */,
				CD566AAC203297D40096A9EA /* AppDelegate.swift in Sources */,
			);
			runOnlyForDeploymentPostprocessing = 0;
		};
		CD566AB8203297D40096A9EA /* Sources */ = {
			isa = PBXSourcesBuildPhase;
			buildActionMask = 2147483647;
			files = (
				CD566AC1203297D50096A9EA /* DYZBTests.swift in Sources */,
			);
			runOnlyForDeploymentPostprocessing = 0;
		};
		CD566AC3203297D50096A9EA /* Sources */ = {
			isa = PBXSourcesBuildPhase;
			buildActionMask = 2147483647;
			files = (
				CD566ACC203297D50096A9EA /* DYZBUITests.swift in Sources */,
			);
			runOnlyForDeploymentPostprocessing = 0;
		};
/* End PBXSourcesBuildPhase section */

/* Begin PBXTargetDependency section */
		CD566ABE203297D40096A9EA /* PBXTargetDependency */ = {
			isa = PBXTargetDependency;
			target = CD566AA7203297D40096A9EA /* DYZB */;
			targetProxy = CD566ABD203297D40096A9EA /* PBXContainerItemProxy */;
		};
		CD566AC9203297D50096A9EA /* PBXTargetDependency */ = {
			isa = PBXTargetDependency;
			target = CD566AA7203297D40096A9EA /* DYZB */;
			targetProxy = CD566AC8203297D50096A9EA /* PBXContainerItemProxy */;
		};
/* End PBXTargetDependency section */

/* Begin PBXVariantGroup section */
		CD566AAF203297D40096A9EA /* Main.storyboard */ = {
			isa = PBXVariantGroup;
			children = (
				CD566AB0203297D40096A9EA /* Base */,
			);
			name = Main.storyboard;
			sourceTree = "<group>";
		};
		CD566AB4203297D40096A9EA /* LaunchScreen.storyboard */ = {
			isa = PBXVariantGroup;
			children = (
				CD566AB5203297D40096A9EA /* Base */,
			);
			name = LaunchScreen.storyboard;
			sourceTree = "<group>";
		};
/* End PBXVariantGroup section */

/* Begin XCBuildConfiguration section */
		CD566ACE203297D50096A9EA /* Debug */ = {
			isa = XCBuildConfiguration;
			buildSettings = {
				ALWAYS_SEARCH_USER_PATHS = NO;
				CLANG_ANALYZER_NONNULL = YES;
				CLANG_ANALYZER_NUMBER_OBJECT_CONVERSION = YES_AGGRESSIVE;
				CLANG_CXX_LANGUAGE_STANDARD = "gnu++14";
				CLANG_CXX_LIBRARY = "libc++";
				CLANG_ENABLE_MODULES = YES;
				CLANG_ENABLE_OBJC_ARC = YES;
				CLANG_WARN_BLOCK_CAPTURE_AUTORELEASING = YES;
				CLANG_WARN_BOOL_CONVERSION = YES;
				CLANG_WARN_COMMA = YES;
				CLANG_WARN_CONSTANT_CONVERSION = YES;
				CLANG_WARN_DIRECT_OBJC_ISA_USAGE = YES_ERROR;
				CLANG_WARN_DOCUMENTATION_COMMENTS = YES;
				CLANG_WARN_EMPTY_BODY = YES;
				CLANG_WARN_ENUM_CONVERSION = YES;
				CLANG_WARN_INFINITE_RECURSION = YES;
				CLANG_WARN_INT_CONVERSION = YES;
				CLANG_WARN_NON_LITERAL_NULL_CONVERSION = YES;
				CLANG_WARN_OBJC_LITERAL_CONVERSION = YES;
				CLANG_WARN_OBJC_ROOT_CLASS = YES_ERROR;
				CLANG_WARN_RANGE_LOOP_ANALYSIS = YES;
				CLANG_WARN_STRICT_PROTOTYPES = YES;
				CLANG_WARN_SUSPICIOUS_MOVE = YES;
				CLANG_WARN_UNGUARDED_AVAILABILITY = YES_AGGRESSIVE;
				CLANG_WARN_UNREACHABLE_CODE = YES;
				CLANG_WARN__DUPLICATE_METHOD_MATCH = YES;
				CODE_SIGN_IDENTITY = "iPhone Developer";
				COPY_PHASE_STRIP = NO;
				DEBUG_INFORMATION_FORMAT = dwarf;
				ENABLE_STRICT_OBJC_MSGSEND = YES;
				ENABLE_TESTABILITY = YES;
				GCC_C_LANGUAGE_STANDARD = gnu11;
				GCC_DYNAMIC_NO_PIC = NO;
				GCC_NO_COMMON_BLOCKS = YES;
				GCC_OPTIMIZATION_LEVEL = 0;
				GCC_PREPROCESSOR_DEFINITIONS = (
					"DEBUG=1",
					"$(inherited)",
				);
				GCC_WARN_64_TO_32_BIT_CONVERSION = YES;
				GCC_WARN_ABOUT_RETURN_TYPE = YES_ERROR;
				GCC_WARN_UNDECLARED_SELECTOR = YES;
				GCC_WARN_UNINITIALIZED_AUTOS = YES_AGGRESSIVE;
				GCC_WARN_UNUSED_FUNCTION = YES;
				GCC_WARN_UNUSED_VARIABLE = YES;
				IPHONEOS_DEPLOYMENT_TARGET = 11.2;
				MTL_ENABLE_DEBUG_INFO = YES;
				ONLY_ACTIVE_ARCH = YES;
				SDKROOT = iphoneos;
				SWIFT_ACTIVE_COMPILATION_CONDITIONS = DEBUG;
				SWIFT_OPTIMIZATION_LEVEL = "-Onone";
			};
			name = Debug;
		};
		CD566ACF203297D50096A9EA /* Release */ = {
			isa = XCBuildConfiguration;
			buildSettings = {
				ALWAYS_SEARCH_USER_PATHS = NO;
				CLANG_ANALYZER_NONNULL = YES;
				CLANG_ANALYZER_NUMBER_OBJECT_CONVERSION = YES_AGGRESSIVE;
				CLANG_CXX_LANGUAGE_STANDARD = "gnu++14";
				CLANG_CXX_LIBRARY = "libc++";
				CLANG_ENABLE_MODULES = YES;
				CLANG_ENABLE_OBJC_ARC = YES;
				CLANG_WARN_BLOCK_CAPTURE_AUTORELEASING = YES;
				CLANG_WARN_BOOL_CONVERSION = YES;
				CLANG_WARN_COMMA = YES;
				CLANG_WARN_CONSTANT_CONVERSION = YES;
				CLANG_WARN_DIRECT_OBJC_ISA_USAGE = YES_ERROR;
				CLANG_WARN_DOCUMENTATION_COMMENTS = YES;
				CLANG_WARN_EMPTY_BODY = YES;
				CLANG_WARN_ENUM_CONVERSION = YES;
				CLANG_WARN_INFINITE_RECURSION = YES;
				CLANG_WARN_INT_CONVERSION = YES;
				CLANG_WARN_NON_LITERAL_NULL_CONVERSION = YES;
				CLANG_WARN_OBJC_LITERAL_CONVERSION = YES;
				CLANG_WARN_OBJC_ROOT_CLASS = YES_ERROR;
				CLANG_WARN_RANGE_LOOP_ANALYSIS = YES;
				CLANG_WARN_STRICT_PROTOTYPES = YES;
				CLANG_WARN_SUSPICIOUS_MOVE = YES;
				CLANG_WARN_UNGUARDED_AVAILABILITY = YES_AGGRESSIVE;
				CLANG_WARN_UNREACHABLE_CODE = YES;
				CLANG_WARN__DUPLICATE_METHOD_MATCH = YES;
				CODE_SIGN_IDENTITY = "iPhone Developer";
				COPY_PHASE_STRIP = NO;
				DEBUG_INFORMATION_FORMAT = "dwarf-with-dsym";
				ENABLE_NS_ASSERTIONS = NO;
				ENABLE_STRICT_OBJC_MSGSEND = YES;
				GCC_C_LANGUAGE_STANDARD = gnu11;
				GCC_NO_COMMON_BLOCKS = YES;
				GCC_WARN_64_TO_32_BIT_CONVERSION = YES;
				GCC_WARN_ABOUT_RETURN_TYPE = YES_ERROR;
				GCC_WARN_UNDECLARED_SELECTOR = YES;
				GCC_WARN_UNINITIALIZED_AUTOS = YES_AGGRESSIVE;
				GCC_WARN_UNUSED_FUNCTION = YES;
				GCC_WARN_UNUSED_VARIABLE = YES;
				IPHONEOS_DEPLOYMENT_TARGET = 11.2;
				MTL_ENABLE_DEBUG_INFO = NO;
				SDKROOT = iphoneos;
				SWIFT_OPTIMIZATION_LEVEL = "-Owholemodule";
				VALIDATE_PRODUCT = YES;
			};
			name = Release;
		};
		CD566AD1203297D50096A9EA /* Debug */ = {
			isa = XCBuildConfiguration;
			buildSettings = {
				ASSETCATALOG_COMPILER_APPICON_NAME = AppIcon;
				CODE_SIGN_STYLE = Automatic;
				DEVELOPMENT_TEAM = 7X58P8M49A;
				INFOPLIST_FILE = DYZB/Info.plist;
				IPHONEOS_DEPLOYMENT_TARGET = 9.0;
				LD_RUNPATH_SEARCH_PATHS = "$(inherited) @executable_path/Frameworks";
				PRODUCT_BUNDLE_IDENTIFIER = lxj.DYZB;
				PRODUCT_NAME = "$(TARGET_NAME)";
				SWIFT_VERSION = 4.0;
				TARGETED_DEVICE_FAMILY = "1,2";
			};
			name = Debug;
		};
		CD566AD2203297D50096A9EA /* Release */ = {
			isa = XCBuildConfiguration;
			buildSettings = {
				ASSETCATALOG_COMPILER_APPICON_NAME = AppIcon;
				CODE_SIGN_STYLE = Automatic;
				DEVELOPMENT_TEAM = 7X58P8M49A;
				INFOPLIST_FILE = DYZB/Info.plist;
				IPHONEOS_DEPLOYMENT_TARGET = 9.0;
				LD_RUNPATH_SEARCH_PATHS = "$(inherited) @executable_path/Frameworks";
				PRODUCT_BUNDLE_IDENTIFIER = lxj.DYZB;
				PRODUCT_NAME = "$(TARGET_NAME)";
				SWIFT_VERSION = 4.0;
				TARGETED_DEVICE_FAMILY = "1,2";
			};
			name = Release;
		};
		CD566AD4203297D50096A9EA /* Debug */ = {
			isa = XCBuildConfiguration;
			buildSettings = {
				ALWAYS_EMBED_SWIFT_STANDARD_LIBRARIES = YES;
				BUNDLE_LOADER = "$(TEST_HOST)";
				CODE_SIGN_STYLE = Automatic;
				DEVELOPMENT_TEAM = 7X58P8M49A;
				INFOPLIST_FILE = DYZBTests/Info.plist;
				LD_RUNPATH_SEARCH_PATHS = "$(inherited) @executable_path/Frameworks @loader_path/Frameworks";
				PRODUCT_BUNDLE_IDENTIFIER = lxj.DYZBTests;
				PRODUCT_NAME = "$(TARGET_NAME)";
				SWIFT_VERSION = 4.0;
				TARGETED_DEVICE_FAMILY = "1,2";
				TEST_HOST = "$(BUILT_PRODUCTS_DIR)/DYZB.app/DYZB";
			};
			name = Debug;
		};
		CD566AD5203297D50096A9EA /* Release */ = {
			isa = XCBuildConfiguration;
			buildSettings = {
				ALWAYS_EMBED_SWIFT_STANDARD_LIBRARIES = YES;
				BUNDLE_LOADER = "$(TEST_HOST)";
				CODE_SIGN_STYLE = Automatic;
				DEVELOPMENT_TEAM = 7X58P8M49A;
				INFOPLIST_FILE = DYZBTests/Info.plist;
				LD_RUNPATH_SEARCH_PATHS = "$(inherited) @executable_path/Frameworks @loader_path/Frameworks";
				PRODUCT_BUNDLE_IDENTIFIER = lxj.DYZBTests;
				PRODUCT_NAME = "$(TARGET_NAME)";
				SWIFT_VERSION = 4.0;
				TARGETED_DEVICE_FAMILY = "1,2";
				TEST_HOST = "$(BUILT_PRODUCTS_DIR)/DYZB.app/DYZB";
			};
			name = Release;
		};
		CD566AD7203297D50096A9EA /* Debug */ = {
			isa = XCBuildConfiguration;
			buildSettings = {
				ALWAYS_EMBED_SWIFT_STANDARD_LIBRARIES = YES;
				CODE_SIGN_STYLE = Automatic;
				DEVELOPMENT_TEAM = 7X58P8M49A;
				INFOPLIST_FILE = DYZBUITests/Info.plist;
				LD_RUNPATH_SEARCH_PATHS = "$(inherited) @executable_path/Frameworks @loader_path/Frameworks";
				PRODUCT_BUNDLE_IDENTIFIER = lxj.DYZBUITests;
				PRODUCT_NAME = "$(TARGET_NAME)";
				SWIFT_VERSION = 4.0;
				TARGETED_DEVICE_FAMILY = "1,2";
				TEST_TARGET_NAME = DYZB;
			};
			name = Debug;
		};
		CD566AD8203297D50096A9EA /* Release */ = {
			isa = XCBuildConfiguration;
			buildSettings = {
				ALWAYS_EMBED_SWIFT_STANDARD_LIBRARIES = YES;
				CODE_SIGN_STYLE = Automatic;
				DEVELOPMENT_TEAM = 7X58P8M49A;
				INFOPLIST_FILE = DYZBUITests/Info.plist;
				LD_RUNPATH_SEARCH_PATHS = "$(inherited) @executable_path/Frameworks @loader_path/Frameworks";
				PRODUCT_BUNDLE_IDENTIFIER = lxj.DYZBUITests;
				PRODUCT_NAME = "$(TARGET_NAME)";
				SWIFT_VERSION = 4.0;
				TARGETED_DEVICE_FAMILY = "1,2";
				TEST_TARGET_NAME = DYZB;
			};
			name = Release;
		};
/* End XCBuildConfiguration section */

/* Begin XCConfigurationList section */
		CD566AA3203297D40096A9EA /* Build configuration list for PBXProject "DYZB" */ = {
			isa = XCConfigurationList;
			buildConfigurations = (
				CD566ACE203297D50096A9EA /* Debug */,
				CD566ACF203297D50096A9EA /* Release */,
			);
			defaultConfigurationIsVisible = 0;
			defaultConfigurationName = Release;
		};
		CD566AD0203297D50096A9EA /* Build configuration list for PBXNativeTarget "DYZB" */ = {
			isa = XCConfigurationList;
			buildConfigurations = (
				CD566AD1203297D50096A9EA /* Debug */,
				CD566AD2203297D50096A9EA /* Release */,
			);
			defaultConfigurationIsVisible = 0;
			defaultConfigurationName = Release;
		};
		CD566AD3203297D50096A9EA /* Build configuration list for PBXNativeTarget "DYZBTests" */ = {
			isa = XCConfigurationList;
			buildConfigurations = (
				CD566AD4203297D50096A9EA /* Debug */,
				CD566AD5203297D50096A9EA /* Release */,
			);
			defaultConfigurationIsVisible = 0;
			defaultConfigurationName = Release;
		};
		CD566AD6203297D50096A9EA /* Build configuration list for PBXNativeTarget "DYZBUITests" */ = {
			isa = XCConfigurationList;
			buildConfigurations = (
				CD566AD7203297D50096A9EA /* Debug */,
				CD566AD8203297D50096A9EA /* Release */,
			);
			defaultConfigurationIsVisible = 0;
			defaultConfigurationName = Release;
		};
/* End XCConfigurationList section */
	};
	rootObject = CD566AA0203297D40096A9EA /* Project object */;
}
